# This lock file was generated by conda-lock (https://github.com/conda/conda-lock). DO NOT EDIT!
#
# A "lock file" contains a concrete list of package versions (with checksums) to be installed. Unlike
# e.g. `conda env create`, the resulting environment will not change as new package versions become
# available, unless you explicitly update the lock file.
#
# Install this environment as "YOURENV" with:
#     conda-lock install -n YOURENV ldsc.conda-lock.yml
# To update a single package to the latest version compatible with the version constraints in the source:
#     conda-lock lock  --lockfile ldsc.conda-lock.yml --update PACKAGE
# To re-solve the entire environment, e.g. after changing a version constraint in the source file:
#     conda-lock -f ../envs/ldsc.yml --lockfile ldsc.conda-lock.yml
version: 1
metadata:
  content_hash:
    linux-64: 3f09c384368a476c6b748faddd422112ac9396a3b53a4f4f2ac2c2846650fdef
  channels:
  - url: conda-forge
    used_env_vars: []
  platforms:
  - linux-64
  sources:
  - ../envs/ldsc.yml
package:
- name: _openmp_mutex
  version: '4.5'
  manager: conda
  platform: linux-64
  dependencies:
    __glibc: '>=2.17,<3.0.a0'
    libgomp: '>=7.5.0'
  url: https://conda.anaconda.org/conda-forge/linux-64/_openmp_mutex-4.5-20_gnu.conda
  hash:
    md5: a9f577daf3de00bca7c3c76c0ecbd1de
    sha256: 1dd3fffd892081df9726d7eb7e0dea6198962ba775bd88842135a4ddb4deb3c9
  category: main
  optional: false
- name: bitarray
  version: 0.8.3
  manager: conda
  platform: linux-64
  dependencies:
    libgcc-ng: '>=7.3.0'
    python: '>=2.7,<2.8.0a0'
  url: https://conda.anaconda.org/conda-forge/linux-64/bitarray-0.8.3-py27h14c3975_1000.tar.bz2
  hash:
    md5: 3ba986c3539fcfd32e9f7773dda30e43
    sha256: 1e2c3482d6d648b92e40dd5a619d411dd78f7bc2ffba7bb0aec2d4aec8fde85f
  category: main
  optional: false
- name: ca-certificates
  version: 2026.7.22
  manager: conda
  platform: linux-64
  dependencies:
    __unix: ''
  url: https://conda.anaconda.org/conda-forge/noarch/ca-certificates-2026.7.22-hbd8a1cb_0.conda
  hash:
    md5: 0f51e2391ade309db462a55611263e9c
    sha256: 0a0544cf95f64394fe4959286f5c71f5444ad58feb0602e53becb27448d24da6
  category: main
  optional: false
- name: certifi
  version: 2019.11.28
  manager: conda
  platform: linux-64
  dependencies:
    python: '>=2.7,<2.8.0a0'
    python_abi: 2.7.*
  url: https://conda.anaconda.org/conda-forge/linux-64/certifi-2019.11.28-py27h8c360ce_1.tar.bz2
  hash:
    md5: a345324a2547908c1f9ca4b65d93f5ba
    sha256: df6ab33f2d723b23de6cbb7571962f2fc6fee2d5ea24c1571ed771bc25832258
  category: main
  optional: false
- name: ld_impl_linux-64
  version: 2.46.1
  manager: conda
  platform: linux-64
  dependencies:
    __glibc: '>=2.17,<3.0.a0'
  url: https://conda.anaconda.org/conda-forge/linux-64/ld_impl_linux-64-2.46.1-bootstrap_ha15bf96_2.conda
  hash:
    md5: 2c238120d4d57c422d6671036eae76a8
    sha256: 87a2158a8f16f8082f8d57282ef8f7b56dee8647b95919948cf03df91574edeb
  category: main
  optional: false
- name: libffi
  version: 3.2.1
  manager: conda
  platform: linux-64
  dependencies:
    libgcc-ng: '>=7.3.0'
    libstdcxx-ng: '>=7.3.0'
  url: https://conda.anaconda.org/conda-forge/linux-64/libffi-3.2.1-he1b5a44_1007.tar.bz2
  hash:
    md5: 11389072d7d6036fd811c3d9460475cd
    sha256: 992246df63724484e9ee8652ce3ca0237f707961beab8b813096bbc647cf84f4
  category: main
  optional: false
- name: libgcc
  version: 16.2.0
  manager: conda
  platform: linux-64
  dependencies:
    __glibc: '>=2.17,<3.0.a0'
    _openmp_mutex: '>=4.5'
  url: https://conda.anaconda.org/conda-forge/linux-64/libgcc-16.2.0-ha9f2e26_7.conda
  hash:
    md5: 735629b400b70eeab21a2ba8f5b1c2ce
    sha256: e031634c3a928f9594eba868bc46ef5230d6571a364a0c63215b06c4563bfcea
  category: main
  optional: false
- name: libgcc-ng
  version: 16.2.0
  manager: conda
  platform: linux-64
  dependencies:
    libgcc: 16.2.0
  url: https://conda.anaconda.org/conda-forge/linux-64/libgcc-ng-16.2.0-h69a702a_7.conda
  hash:
    md5: 2005515ac9340f816fb2ac7e83afe553
    sha256: 03b54d7008de080a17cc2174b0e4acd6d06e1c981b2eb19846f46d8f59966034
  category: main
  optional: false
- name: libgomp
  version: 16.2.0
  manager: conda
  platform: linux-64
  dependencies:
    __glibc: '>=2.17,<3.0.a0'
  url: https://conda.anaconda.org/conda-forge/linux-64/libgomp-16.2.0-he0feb66_7.conda
  hash:
    md5: d904c7ddd95e026254b4b80808ee9e12
    sha256: 92a0bb350c7be6a4eedcb4e111c60aefd176018e6b1c009a6e025dbe9bbcd758
  category: main
  optional: false
- name: libsqlite
  version: 3.46.0
  manager: conda
  platform: linux-64
  dependencies:
    libgcc-ng: '>=12'
    libzlib: '>=1.2.13,<2.0a0'
  url: https://conda.anaconda.org/conda-forge/linux-64/libsqlite-3.46.0-hde9e2c9_0.conda
  hash:
    md5: 18aa975d2094c34aef978060ae7da7d8
    sha256: daee3f68786231dad457d0dfde3f7f1f9a7f2018adabdbb864226775101341a8
  category: main
  optional: false
- name: libstdcxx
  version: 16.2.0
  manager: conda
  platform: linux-64
  dependencies:
    __glibc: '>=2.17,<3.0.a0'
    libgcc: 16.2.0
  url: https://conda.anaconda.org/conda-forge/linux-64/libstdcxx-16.2.0-h934c35e_7.conda
  hash:
    md5: 9b6707e0caca917fa6ea9ee473f37a5d
    sha256: fa7018298629fc429971fffd6ecba3d27a7b02e4e890d6a93ea01ffebe8cb745
  category: main
  optional: false
- name: libstdcxx-ng
  version: 16.2.0
  manager: conda
  platform: linux-64
  dependencies:
    libstdcxx: 16.2.0
  url: https://conda.anaconda.org/conda-forge/linux-64/libstdcxx-ng-16.2.0-hdf11a46_7.conda
  hash:
    md5: 25a23bde5e26d548374f3e02b4669670
    sha256: 337f481db36cc357884f05f404ccd1b3a7e0fc1ee48ec5c884e4281d213bc863
  category: main
  optional: false
- name: libzlib
  version: 1.2.13
  manager: conda
  platform: linux-64
  dependencies:
    libgcc-ng: '>=12'
  url: https://conda.anaconda.org/conda-forge/linux-64/libzlib-1.2.13-h4ab18f5_6.conda
  hash:
    md5: 27329162c0dc732bcf67a4e0cd488125
    sha256: 8ced4afed6322172182af503f21725d072a589a6eb918f8a58135c1e00d35980
  category: main
  optional: false
- name: ncurses
  version: '6.6'
  manager: conda
  platform: linux-64
  dependencies:
    __glibc: '>=2.17,<3.0.a0'
    libgcc: '>=14'
  url: https://conda.anaconda.org/conda-forge/linux-64/ncurses-6.6-hdb14827_1.conda
  hash:
    md5: ee6c0cd80a60961a1f48aa3e0b91f986
    sha256: 5d46557214ed184381dafe835b7c94a474a1c3b307a08a250b1ea4779b44ffb3
  category: main
  optional: false
- name: nose
  version: 1.3.7
  manager: conda
  platform: linux-64
  dependencies:
    python: '>=2.7,<2.8.0a0'
    python_abi: 2.7.*
    setuptools: ''
  url: https://conda.anaconda.org/conda-forge/linux-64/nose-1.3.7-py27h8c360ce_1004.tar.bz2
  hash:
    md5: 9d7865ecd73c0884d810c7d4148410f7
    sha256: c5da939fefd73e324fdbf30faf4d24563f77cdf25635318cc98e12cc48649104
  category: main
  optional: false
- name: openssl
  version: 1.1.1w
  manager: conda
  platform: linux-64
  dependencies:
    ca-certificates: ''
    libgcc-ng: '>=12'
  url: https://conda.anaconda.org/conda-forge/linux-64/openssl-1.1.1w-hd590300_0.conda
  hash:
    md5: 301e70057a3bd399640bb16bbdf87995
    sha256: 4fe19885c77f0758084feb54954bd1977dfeeab7134fba0a1d9c0cfff821d6bd
  category: main
  optional: false
- name: pip
  version: 20.1.1
  manager: conda
  platform: linux-64
  dependencies:
    setuptools: ''
    wheel: ''
  url: https://conda.anaconda.org/conda-forge/noarch/pip-20.1.1-pyh9f0ad1d_0.tar.bz2
  hash:
    md5: cd67a20c73ff2514cf5f34cae28fc867
    sha256: d36d4300f320f6f8352548dbd8750dbf9679fe4e439b23bab9e2797663491275
  category: main
  optional: false
- name: python
  version: 2.7.15
  manager: conda
  platform: linux-64
  dependencies:
    ld_impl_linux-64: ''
    libffi: '>=3.2.1,<3.3.0a0'
    libgcc-ng: '>=7.3.0'
    libstdcxx-ng: '>=7.3.0'
    openssl: '>=1.1.1a,<1.1.2a'
    pip: ''
    readline: '>=8.0,<9.0a0'
    sqlite: '>=3.30.1,<4.0a0'
    tk: '>=8.6.10,<8.7.0a0'
    zlib: '>=1.2.11,<1.3.0a0'
  url: https://conda.anaconda.org/conda-forge/linux-64/python-2.7.15-h5a48372_1011_cpython.tar.bz2
  hash:
    md5: d1824ac0987155f58a03b7ffda01db38
    sha256: 1aab076b979046983a74d10b890dc4534eaedcc08a6e2f4e7fb16cc4a05e02e0
  category: main
  optional: false
- name: python_abi
  version: '2.7'
  manager: conda
  platform: linux-64
  dependencies:
    python: 2.7.*
  url: https://conda.anaconda.org/conda-forge/linux-64/python_abi-2.7-1_cp27mu.tar.bz2
  hash:
    md5: 02d6ad6bce3a798e6ee85494cd9b3d8d
    sha256: c42da0c09f4afe9f781e68b3af499a52a71d0f1c7dabb79d461d8c01564f77d3
  category: main
  optional: false
- name: readline
  version: '8.3'
  manager: conda
  platform: linux-64
  dependencies:
    __glibc: '>=2.17,<3.0.a0'
    libgcc: '>=15'
    ncurses: '>=6.6,<7.0a0'
  url: https://conda.anaconda.org/conda-forge/linux-64/readline-8.3-hd6e31c0_1.conda
  hash:
    md5: 69c01c781e7c8190bbdaf79e3848c5ca
    sha256: 01b3fe073a66e321970d09e04b388708f8cbdca5cdfbfcb7c9eeb470ad10383d
  category: main
  optional: false
- name: setuptools
  version: 44.0.0
  manager: conda
  platform: linux-64
  dependencies:
    certifi: '>=2016.9.26'
    python: '>=2.7,<2.8.0a0'
  url: https://conda.anaconda.org/conda-forge/linux-64/setuptools-44.0.0-py27_0.tar.bz2
  hash:
    md5: a1dcb0ca393c777d0611faf5b86602be
    sha256: 3383e099e1266bc539c89b5ba07c0bef838d5e9d7c29f8b82dd39aaa556a9b49
  category: main
  optional: false
- name: sqlite
  version: 3.46.0
  manager: conda
  platform: linux-64
  dependencies:
    libgcc-ng: '>=12'
    libsqlite: 3.46.0
    libzlib: '>=1.2.13,<2.0a0'
    ncurses: '>=6.5,<7.0a0'
    readline: '>=8.2,<9.0a0'
  url: https://conda.anaconda.org/conda-forge/linux-64/sqlite-3.46.0-h6d4b2fc_0.conda
  hash:
    md5: 77ea8dff5cf8550cc8f5629a6af56323
    sha256: e849d576e52bf3e6fc5786f89b7d76978f2e2438587826c95570324cb572e52b
  category: main
  optional: false
- name: tk
  version: 8.6.13
  manager: conda
  platform: linux-64
  dependencies:
    libgcc-ng: '>=12'
    libzlib: '>=1.2.13,<2.0.0a0'
  url: https://conda.anaconda.org/conda-forge/linux-64/tk-8.6.13-noxft_h4845f30_101.conda
  hash:
    md5: d453b98d9c83e71da0741bb0ff4d76bc
    sha256: e0569c9caa68bf476bead1bed3d79650bb080b532c64a4af7d8ca286c08dea4e
  category: main
  optional: false
- name: wheel
  version: 0.37.1
  manager: conda
  platform: linux-64
  dependencies:
    python: '!=3.0,!=3.1,!=3.2,!=3.3,!=3.4'
  url: https://conda.anaconda.org/conda-forge/noarch/wheel-0.37.1-pyhd8ed1ab_0.tar.bz2
  hash:
    md5: 1ca02aaf78d9c70d9a81a3bed5752022
    sha256: aede66e6370f3b936164a703e48362f9080d7162234058fb2ee63cc84d528afc
  category: main
  optional: false
- name: zlib
  version: 1.2.13
  manager: conda
  platform: linux-64
  dependencies:
    libgcc-ng: '>=12'
    libzlib: 1.2.13
  url: https://conda.anaconda.org/conda-forge/linux-64/zlib-1.2.13-h4ab18f5_6.conda
  hash:
    md5: 559d338a4234c2ad6e676f460a093e67
    sha256: 534824ea44939f3e59ca8ebb95e3ece6f50f9d2a0e69999fbc692311252ed6ac
  category: main
  optional: false
